
Microsoft Visual Studio Solution File, Format Version 12.00
# Visual Studio Version 16
VisualStudioVersion = 16.0.29215.179
MinimumVisualStudioVersion = 10.0.40219.1
Project("{FAE04EC0-301F-11D3-BF4B-00C04F79EFBC}") = "ProyectoA", "ProyectoA\ProyectoA.csproj", "{02EC83D2-E65E-4608-8BC6-FE7EFD65A4C6}"
EndProject
Global
	GlobalSection(SolutionConfigurationPlatforms) = preSolution
		Debug|Any CPU = Debug|Any CPU
		Release|Any CPU = Release|Any CPU
	EndGlobalSection
	GlobalSection(ProjectConfigurationPlatforms) = postSolution
		{02EC83D2-E65E-4608-8BC6-FE7EFD65A4C6}.Debug|Any CPU.ActiveCfg = Debug|Any CPU
		{02EC83D2-E65E-4608-8BC6-FE7EFD65A4C6}.Debug|Any CPU.Build.0 = Debug|Any CPU
		{02EC83D2-E65E-4608-8BC6-FE7EFD65A4C6}.Release|Any CPU.ActiveCfg = Release|Any CPU
		{02EC83D2-E65E-4608-8BC6-FE7EFD65A4C6}.Release|Any CPU.Build.0 = Release|Any CPU
	EndGlobalSection
	GlobalSection(SolutionProperties) = preSolution
		HideSolutionNode = FALSE
	EndGlobalSection
	GlobalSection(ExtensibilityGlobals) = postSolution
		SolutionGuid = {EC1F502C-303F-4338-A140-5FD14CBBED03}
	EndGlobalSection
EndGlobal
